<?xml version="1.0" encoding="utf-8"?>
<Project ToolsVersion="4.0" xmlns="http://schemas.microsoft.com/developer/msbuild/2003">
  <ItemGroup>
    <Filter Include="Source Files">
      <UniqueIdentifier>{4FC737F1-C7A5-4376-A066-2A32D752A2FF}</UniqueIdentifier>
      <Extensions>cpp;c;cc;cxx;def;odl;idl;hpj;bat;asm;asmx</Extensions>
    </Filter>
    <Filter Include="Header Files">
      <UniqueIdentifier>{93995380-89BD-4b04-88EB-625FBE52EBFB}</UniqueIdentifier>
      <Extensions>h;hh;hpp;hxx;hm;inl;inc;xsd</Extensions>
    </Filter>
    <Filter Include="Resource Files">
      <UniqueIdentifier>{67DA6AB6-F800-4c08-8B7A-83BB121AAD01}</UniqueIdentifier>
      <Extensions>rc;ico;cur;bmp;dlg;rc2;rct;bin;rgs;gif;jpg;jpeg;jpe;resx;tiff;tif;png;wav;mfcribbon-ms</Extensions>
    </Filter>
  </ItemGroup>
  <ItemGroup>
    <ClCompile Include="src\EduPhong.cpp">
      <Filter>Source Files</Filter>
    </ClCompile>
    <ClCompile Include="src\GlGeomCylinder.cpp">
      <Filter>Source Files</Filter>
    </ClCompile>
    <ClCompile Include="src\GlGeomSphere.cpp">
      <Filter>Source Files</Filter>
    </ClCompile>
    <ClCompile Include="src\LinearR3.cpp">
      <Filter>Source Files</Filter>
    </ClCompile>
    <ClCompile Include="src\LinearR4.cpp">
      <Filter>Source Files</Filter>
    </ClCompile>
    <ClCompile Include="src\MyGeometries.cpp">
      <Filter>Source Files</Filter>
    </ClCompile>
    <ClCompile Include="src\PhongData.cpp">
      <Filter>Source Files</Filter>
    </ClCompile>
    <ClCompile Include="src\RgbImage.cpp">
      <Filter>Source Files</Filter>
    </ClCompile>
    <ClCompile Include="src\ShaderBuild.cpp">
      <Filter>Source Files</Filter>
    </ClCompile>
    <ClCompile Include="src\EulerMethod.cpp">
      <Filter>Source Files</Filter>
    </ClCompile>
    <ClCompile Include="src\FinalProj.cpp">
      <Filter>Source Files</Filter>
    </ClCompile>
    <ClCompile Include="src\MyDrone.cpp">
      <Filter>Source Files</Filter>
    </ClCompile>
    <ClCompile Include="src\DrawScene.cpp">
      <Filter>Source Files</Filter>
    </ClCompile>
  </ItemGroup>
  <ItemGroup>
    <Image Include="data\631pxGreenStar_1.bmp">
      <Filter>Resource Files</Filter>
    </Image>
    <Image Include="data\BrickWallTexture.bmp">
      <Filter>Resource Files</Filter>
    </Image>
    <Image Include="data\earth_clouds.bmp">
      <Filter>Resource Files</Filter>
    </Image>
    <Image Include="data\jupitermap.bmp">
      <Filter>Resource Files</Filter>
    </Image>
    <Image Include="data\KalachakraSera.bmp">
      <Filter>Resource Files</Filter>
    </Image>
    <Image Include="data\marble-background.bmp">
      <Filter>Resource Files</Filter>
    </Image>
    <Image Include="data\RoughWood.bmp">
      <Filter>Resource Files</Filter>
    </Image>
  </ItemGroup>
  <ItemGroup>
    <ClInclude Include="include\EduPhong.h">
      <Filter>Header Files</Filter>
    </ClInclude>
    <ClInclude Include="include\GlGeomCylinder.h">
      <Filter>Header Files</Filter>
    </ClInclude>
    <ClInclude Include="include\GlGeomSphere.h">
      <Filter>Header Files</Filter>
    </ClInclude>
    <ClInclude Include="include\LinearR3.h">
      <Filter>Header Files</Filter>
    </ClInclude>
    <ClInclude Include="include\LinearR4.h">
      <Filter>Header Files</Filter>
    </ClInclude>
    <ClInclude Include="include\MathMisc.h">
      <Filter>Header Files</Filter>
    </ClInclude>
    <ClInclude Include="include\MyGeometries.h">
      <Filter>Header Files</Filter>
    </ClInclude>
    <ClInclude Include="include\PhongData.h">
      <Filter>Header Files</Filter>
    </ClInclude>
    <ClInclude Include="include\RgbImage.h">
      <Filter>Header Files</Filter>
    </ClInclude>
    <ClInclude Include="include\ShaderBuild.h">
      <Filter>Header Files</Filter>
    </ClInclude>
    <ClInclude Include="include\FinalProj.h">
      <Filter>Header Files</Filter>
    </ClInclude>
    <ClInclude Include="include\EulerMethod.h">
      <Filter>Header Files</Filter>
    </ClInclude>
    <ClInclude Include="include\MyDrone.h">
      <Filter>Header Files</Filter>
    </ClInclude>
    <ClInclude Include="include\DrawScene.h">
      <Filter>Header Files</Filter>
    </ClInclude>
  </ItemGroup>
</Project>